{
  "name": "@nkm/ecosystem",
  "version": "0.0.1",
  "lockfileVersion": 1,
  "requires": true,
  "dependencies": {
    "@nkm/actions": {
      "version": "git+https://github.com/Nebukam/nkm-actions.git#815c099f178e65f8e8fa794e7b640898a7b82c7d",
      "from": "git+https://github.com/Nebukam/nkm-actions.git",
      "requires": {
        "@nkm/collections": "git+https://github.com/Nebukam/nkm-collections.git",
        "@nkm/common": "git+https://github.com/Nebukam/nkm-common.git",
        "@nkm/services": "git+https://github.com/Nebukam/nkm-services.git",
        "@nkm/utils": "git+https://github.com/Nebukam/nkm-utils.git"
      }
    },
    "@nkm/collections": {
      "version": "git+https://github.com/Nebukam/nkm-collections.git#15ead2013ddebbf487bb221664dd5133287129f0",
      "from": "git+https://github.com/Nebukam/nkm-collections.git"
    },
    "@nkm/common": {
      "version": "git+https://github.com/Nebukam/nkm-common.git#ddf6091eed884957628f6252542f32654112dcd9",
      "from": "git+https://github.com/Nebukam/nkm-common.git",
      "requires": {
        "@nkm/collections": "git+https://github.com/Nebukam/nkm-collections.git",
        "@nkm/utils": "git+https://github.com/Nebukam/nkm-utils.git"
      }
    },
    "@nkm/core-data": {
      "version": "git+https://github.com/Nebukam/nkm-core-data.git#b30d03682b244e5b4bc214f0da3e313a11623190",
      "from": "git+https://github.com/Nebukam/nkm-core-data.git",
      "requires": {
        "@nkm/actions": "git+https://github.com/Nebukam/nkm-actions.git",
        "@nkm/collections": "git+https://github.com/Nebukam/nkm-collections.git",
        "@nkm/common": "git+https://github.com/Nebukam/nkm-common.git",
        "@nkm/utils": "git+https://github.com/Nebukam/nkm-utils.git"
      },
      "dependencies": {
        "@nkm/actions": {
          "version": "git+https://github.com/Nebukam/nkm-actions.git#815c099f178e65f8e8fa794e7b640898a7b82c7d",
          "from": "git+https://github.com/Nebukam/nkm-actions.git",
          "requires": {
            "@nkm/collections": "git+https://github.com/Nebukam/nkm-collections.git",
            "@nkm/common": "git+https://github.com/Nebukam/nkm-common.git",
            "@nkm/services": "git+https://github.com/Nebukam/nkm-services.git",
            "@nkm/utils": "git+https://github.com/Nebukam/nkm-utils.git"
          }
        }
      }
    },
    "@nkm/dialog": {
      "version": "git+https://github.com/Nebukam/nkm-dialog.git#b0651b63699784bdd669fcdf697d07734e1e5d6e",
      "from": "git+https://github.com/Nebukam/nkm-dialog.git",
      "requires": {
        "@nkm/actions": "git+https://github.com/Nebukam/nkm-actions.git",
        "@nkm/collections": "git+https://github.com/Nebukam/nkm-collections.git",
        "@nkm/common": "git+https://github.com/Nebukam/nkm-common.git",
        "@nkm/services": "git+https://github.com/Nebukam/nkm-services.git",
        "@nkm/utils": "git+https://github.com/Nebukam/nkm-utils.git"
      }
    },
    "@nkm/services": {
      "version": "git+https://github.com/Nebukam/nkm-services.git#919b82e083b9414bf20f1925ce7c47a65906d4ec",
      "from": "git+https://github.com/Nebukam/nkm-services.git",
      "requires": {
        "@nkm/collections": "git+https://github.com/Nebukam/nkm-collections.git",
        "@nkm/common": "git+https://github.com/Nebukam/nkm-common.git"
      }
    },
    "@nkm/utils": {
      "version": "git+https://github.com/Nebukam/nkm-utils.git#bd11a01c46bc9f2fbc4a63c5bbbf6a6c56272990",
      "from": "git+https://github.com/Nebukam/nkm-utils.git"
    }
  }
}
